
Microsoft Visual Studio Solution File, Format Version 12.00
# Visual Studio Version 16
VisualStudioVersion = 16.0.29306.81
MinimumVisualStudioVersion = 10.0.40219.1
Project("{FAE04EC0-301F-11D3-BF4B-00C04F79EFBC}") = "Epam_Lab7_Framework", "GitHubAutomation\Epam_Lab7_Framework.csproj", "{C2708C88-282C-4AAB-8205-E24897FF2A67}"
EndProject
Global
	GlobalSection(SolutionConfigurationPlatforms) = preSolution
		Debug|Any CPU = Debug|Any CPU
		Release|Any CPU = Release|Any CPU
	EndGlobalSection
	GlobalSection(ProjectConfigurationPlatforms) = postSolution
		{C2708C88-282C-4AAB-8205-E24897FF2A67}.Debug|Any CPU.ActiveCfg = Debug|Any CPU
		{C2708C88-282C-4AAB-8205-E24897FF2A67}.Debug|Any CPU.Build.0 = Debug|Any CPU
		{C2708C88-282C-4AAB-8205-E24897FF2A67}.Release|Any CPU.ActiveCfg = Release|Any CPU
		{C2708C88-282C-4AAB-8205-E24897FF2A67}.Release|Any CPU.Build.0 = Release|Any CPU
	EndGlobalSection
	GlobalSection(SolutionProperties) = preSolution
		HideSolutionNode = FALSE
	EndGlobalSection
	GlobalSection(ExtensibilityGlobals) = postSolution
		SolutionGuid = {50B2860F-F994-4E65-BECB-A18B3BF53643}
	EndGlobalSection
EndGlobal
